master_password: "Master Password"
select_vault: "Select a vault to unlock"
create_vault: "Create a new vault"
open_other: "Open other file…"
unlock: "Unlock"
remove: "Remove"
file_missing: "File missing"
wrong_password: "Wrong password or Secret Key."
keychain_missing: "This vault needs its Secret Key / Emergency Kit."
no_recents: "No recent vaults yet."
create_first: "Create your first vault"
last_opened: "Last opened"
unlock_failed: "Could not unlock: "
lock: "Lock"
loading: "Loading…"
err_recents: "Could not load recent vaults: "
err_open: "Could not open the file: "
