master_password: "Master Password"
select_vault: "Select a vault to unlock"
create_vault: "Create a new vault"
open_other: "Open other file…"
unlock: "Unlock"
remove: "Remove"
file_missing: "File missing"
wrong_password: "Wrong password or Secret Key."
keychain_missing: "This vault needs its Secret Key / Emergency Kit."
no_recents: "No recent vaults yet."
create_first: "Create your first vault"
last_opened: "Last opened"
unlock_failed: "Could not unlock: "
lock: "Lock"
loading: "Loading…"
err_recents: "Could not load recent vaults: "
err_open: "Could not open the file: "
biometric_unlock_cta: "Unlock with Windows Hello"
biometric_touch_hint: "Touch the fingerprint sensor or look at the camera"
use_master_password: "Use master password"
err_biometric: "Biometric unlock failed — use your master password."
# --- 2.8.1 vault picker ---
your_vaults: "Your vaults"
search_vaults: "Search vaults"
no_match: "No vaults match your search."
vault_missing: "missing"
vault_remove: "Remove"
vault_locate: "Locate"
vault_rename: "Rename vault"
vault_rename_placeholder: "Vault name"
open_file: "Open…"
new_vault: "New"
no_vaults_title: "No vaults yet"
no_vaults_body: "Create your first vault or open an existing file."
err_rename: "Could not rename the vault: "
dismiss: "Dismiss"
