master_password: "Mật khẩu chính"
select_vault: "Chọn kho để mở khóa"
create_vault: "Tạo kho mới"
open_other: "Mở tệp khác…"
unlock: "Mở khóa"
remove: "Gỡ bỏ"
file_missing: "Không tìm thấy tệp"
wrong_password: "Sai mật khẩu hoặc Khóa bí mật."
keychain_missing: "Kho này cần Khóa bí mật / Bộ khẩn cấp."
no_recents: "Chưa có kho gần đây."
create_first: "Tạo kho đầu tiên"
last_opened: "Mở lần cuối"
unlock_failed: "Không thể mở khóa: "
lock: "Khóa"
