master_password: "Mật khẩu chính"
select_vault: "Chọn kho để mở khóa"
create_vault: "Tạo kho mới"
open_other: "Mở tệp khác…"
unlock: "Mở khóa"
remove: "Gỡ bỏ"
file_missing: "Không tìm thấy tệp"
wrong_password: "Sai mật khẩu hoặc Khóa bí mật."
keychain_missing: "Kho này cần Khóa bí mật / Bộ khẩn cấp."
no_recents: "Chưa có kho gần đây."
create_first: "Tạo kho đầu tiên"
last_opened: "Mở lần cuối"
unlock_failed: "Không thể mở khóa: "
lock: "Khóa"
loading: "Đang tải…"
err_recents: "Không thể tải kho gần đây: "
err_open: "Không thể mở tệp: "
biometric_unlock_cta: "Mở khóa bằng Windows Hello"
biometric_touch_hint: "Chạm cảm biến vân tay hoặc nhìn vào camera"
use_master_password: "Dùng mật khẩu chính"
err_biometric: "Mở khóa sinh trắc học thất bại — hãy dùng mật khẩu chính."
session_expired: "Phiên của bạn đã hết hạn — hãy mở khóa lại."
rollback_warning: "Kho này có vẻ cũ hơn trạng thái mà thiết bị này từng thấy — có thể đã bị lùi trạng thái hoặc khôi phục từ bản sao lưu cũ."
# --- 2.8.1 vault picker ---
your_vaults: "Kho của bạn"
search_vaults: "Tìm kho"
no_match: "Không có kho nào khớp với tìm kiếm."
vault_missing: "thiếu tệp"
vault_remove: "Gỡ bỏ"
vault_locate: "Định vị"
vault_convert: "Chuyển đổi"
vault_rename: "Đổi tên kho"
vault_rename_placeholder: "Tên kho"
open_file: "Mở…"
new_vault: "Mới"
no_vaults_title: "Chưa có kho nào"
no_vaults_body: "Tạo kho đầu tiên hoặc mở một tệp có sẵn."
err_rename: "Không thể đổi tên kho: "
dismiss: "Đóng"
# --- 5.1 recovery (Emergency Kit) ---
use_kit_cta: "Dùng Bộ khẩn cấp…"
recovery_hint: "Nhập mật khẩu chính ở trên, cùng Khóa bí mật in trên Bộ khẩn cấp."
recovery_key_label: "Khóa bí mật"
recovery_submit: "Khôi phục & Mở khóa"
recovery_invalid_key: "Khóa bí mật không hợp lệ — kiểm tra lỗi gõ (0/O và 1/I/L dùng thay nhau được)."
recovery_restored: "Đã khôi phục Khóa bí mật vào thiết bị này."
recovery_partial: "Đã mở khóa — nhưng chưa lưu được Khóa bí mật vào thiết bị. Giữ kỹ bộ kit; lần sau vẫn cần. "
